schema: '2.0'
stages:
  data_ingestion:
    cmd: python src/deepClassifier/pipeline/stage_01_data_ingestion.py
    deps:
    - path: configs/config.yaml
      md5: 11cc5642ba2725648da24e6823250f7d
      size: 831
    - path: src/deepClassifier/pipeline/stage_01_data_ingestion.py
      md5: e84e7da5b3a3603660290e32522ab1c1
      size: 761
    outs:
    - path: artifacts/data_ingestion/PetImages
      md5: 3a5cf86541f22c236620ce5b952ad684.dir
      size: 848866410
      nfiles: 24998
  prepare_base_model:
    cmd: python src/deepClassifier/pipeline/stage_02_prepare_base_model.py
    deps:
    - path: configs/config.yaml
      md5: 11cc5642ba2725648da24e6823250f7d
      size: 831
    - path: src/deepClassifier/pipeline/stage_02_prepare_base_model.py
      md5: d2d14a759acf8b42c7b8a6b78d13da95
      size: 800
    params:
      params.yaml:
        CLASSES: 2
        IMAGE_SIZE:
        - 224
        - 224
        - 3
        INCLUDE_TOP: false
        LEARNING_RATE: 0.01
        WEIGHTS: imagenet
    outs:
    - path: artifacts/prepare_base_model
      md5: 6014647834be9f223f4c190c02e61edf.dir
      size: 118053368
      nfiles: 2
